{
  "name": "Curser",
  "lockfileVersion": 3,
  "requires": true,
  "packages": {
    "": {
      "dependencies": {
        "@llama-node/core": "^0.1.6"
      }
    },
    "node_modules/@llama-node/core": {
      "version": "0.1.6",
      "resolved": "https://registry.npmjs.org/@llama-node/core/-/core-0.1.6.tgz",
      "integrity": "sha512-Mg6lZ0jjOhK2AhvUOPZ4WDb0Rap02gwUbcm4Q4gIV1WsLpB/bGlgxq0z7uXF+3NExAvkcv3/bb1MujrE6re34g==",
      "hasInstallScript": true,
      "license": "MIT",
      "engines": {
        "node": ">= 10"
      }
    }
  }
}
